
Microsoft Visual Studio Solution File, Format Version 12.00
# Visual Studio Version 16
VisualStudioVersion = 16.0.31729.503
MinimumVisualStudioVersion = 10.0.40219.1
Project("{54435603-DBB4-11D2-8724-00A0C9A8B90C}") = "Setup1", "Setup1\Setup1.vdproj", "{948F4FDA-D656-466C-9FF6-D693506D3301}"
EndProject
Global
	GlobalSection(SolutionConfigurationPlatforms) = preSolution
		Debug|Default = Debug|Default
		Release|Default = Release|Default
	EndGlobalSection
	GlobalSection(ProjectConfigurationPlatforms) = postSolution
		{948F4FDA-D656-466C-9FF6-D693506D3301}.Debug|Default.ActiveCfg = Debug
		{948F4FDA-D656-466C-9FF6-D693506D3301}.Debug|Default.Build.0 = Debug
		{948F4FDA-D656-466C-9FF6-D693506D3301}.Release|Default.ActiveCfg = Release
		{948F4FDA-D656-466C-9FF6-D693506D3301}.Release|Default.Build.0 = Release
	EndGlobalSection
	GlobalSection(SolutionProperties) = preSolution
		HideSolutionNode = FALSE
	EndGlobalSection
	GlobalSection(ExtensibilityGlobals) = postSolution
		SolutionGuid = {8AC53106-9122-4119-B836-8F85011536C4}
	EndGlobalSection
EndGlobal
